
Microsoft Visual Studio Solution File, Format Version 12.00
# Visual Studio Version 17
VisualStudioVersion = 17.5.33516.290
MinimumVisualStudioVersion = 10.0.40219.1
Project("{9A19103F-16F7-4668-BE54-9A1E7A4F7556}") = "UltimaPieShop", "UltimaPieShop\UltimaPieShop.csproj", "{1BAD3839-4823-4ABF-AB53-75E19EC9996C}"
EndProject
Global
	GlobalSection(SolutionConfigurationPlatforms) = preSolution
		Debug|Any CPU = Debug|Any CPU
		Release|Any CPU = Release|Any CPU
	EndGlobalSection
	GlobalSection(ProjectConfigurationPlatforms) = postSolution
		{1BAD3839-4823-4ABF-AB53-75E19EC9996C}.Debug|Any CPU.ActiveCfg = Debug|Any CPU
		{1BAD3839-4823-4ABF-AB53-75E19EC9996C}.Debug|Any CPU.Build.0 = Debug|Any CPU
		{1BAD3839-4823-4ABF-AB53-75E19EC9996C}.Release|Any CPU.ActiveCfg = Release|Any CPU
		{1BAD3839-4823-4ABF-AB53-75E19EC9996C}.Release|Any CPU.Build.0 = Release|Any CPU
	EndGlobalSection
	GlobalSection(SolutionProperties) = preSolution
		HideSolutionNode = FALSE
	EndGlobalSection
	GlobalSection(ExtensibilityGlobals) = postSolution
		SolutionGuid = {4C77078B-D284-4C6F-BE8F-C244190DB82D}
	EndGlobalSection
EndGlobal
